cloud.google.com/go v0.123.0 h1:2NAUJwPR47q+E35uaJeYoNhuNEM9kM8SjgRgdeOJUSE=
cloud.google.com/go v0.123.0/go.mod h1:xBoMV08QcqUGuPW65Qfm1o9Y4zKZBpGS+7bImXLTAZU=
cloud.google.com/go/auth v0.22.0 h1:Xp9wAKkLoeaYb5pYZZoQGz4E9sdPxIbzS3gywZE3ciQ=
cloud.google.com/go/auth v0.22.0/go.mod h1:M9o2Oz+YI2jAfxewJgb1vyI3vceHF+eohmxyzmrl+9s=
cloud.google.com/go/auth/oauth2adapt v0.2.8 h1:keo8NaayQZ6wimpNSmW5OPc283g65QNIiLpZnkHRbnc=
cloud.google.com/go/auth/oauth2adapt v0.2.8/go.mod h1:XQ9y31RkqZCcwJWNSx2Xvric3RrU88hAYYbjDWYDL+c=
cloud.google.com/go/compute/metadata v0.9.0 h1:pDUj4QMoPejqq20dK0Pg2N4yG9zIkYGdBtwLoEkH9Zs=
cloud.google.com/go/compute/metadata v0.9.0/go.mod h1:E0bWwX5wTnLPedCKqk3pJmVgCBSM6qQI1yTBdEb3C10=
cloud.google.com/go/iam v1.11.0 h1:KieQ9Pb+LLPak1O3Rv3GgCxhnmkYf7Xyh0P5HfF1jFM=
cloud.google.com/go/iam v1.11.0/go.mod h1:KP+nKGugNJW4LcLx1uEZcq1ok5sQHFaQehQNl4QDgV4=
cloud.google.com/go/kms v1.33.0 h1:pG0X78m212b2pv9N4fdMoUO69LuZGQ9kSvn8sHBOFAo=
cloud.google.com/go/kms v1.33.0/go.mod h1:CSGvW6GnMQbY+1nOHcIzhMtHSbExXlOmCKjWtYVjcpA=
cloud.google.com/go/longrunning v1.2.0 h1:WjYH3YHBGCxGJP9M4dWGHBfXr/cFIjMkNgWcJj7/iMM=
cloud.google.com/go/longrunning v1.2.0/go.mod h1:5KMQALFGOCtFoi2xSOA1u3H7WKlhmckgiyFw7+LGQp0=
connectrpc.com/connect v1.20.0 h1:6TNDAB+WeNd2uolWNlYczB5E0KNNaVMNUEx8JEUsPmQ=
connectrpc.com/connect v1.20.0/go.mod h1:A2ygJrukXwWy32vkCAAHNVguZrqZ+jeZ9rGRnGR4dN4=
drjosh.dev/assertzapper v0.3.2 h1:PFPKNBf606YuP9EDQAps7RvY6B7/0A9b5AjU5VyJViE=
drjosh.dev/assertzapper v0.3.2/go.mod h1:hVa0H1RyIcDkaI2EhOF2JTSzJe5+TuxYzRTBpVGCw+k=
drjosh.dev/zzglob v0.4.3 h1:m7kBj5XU4Tl3y2Yn+cP8j4vWfn/fFt11Xlftxwz6NIc=
drjosh.dev/zzglob v0.4.3/go.mod h1:SbYDdesQC13iyGiEwV8dJfJbyz7/Qiawrd5ODdJQCoo=
github.com/Azure/azure-sdk-for-go/sdk/azcore v1.22.0 h1:aokoqcHvaGjiM3VpjKDfMMnF/8epJ+Q1HLJ7CudztqE=
github.com/Azure/azure-sdk-for-go/sdk/azcore v1.22.0/go.mod h1:/WYEx9pcM9Y+Dd/APJaNlSvVSvzl54rrMdZT5+Oi2LM=
github.com/Azure/azure-sdk-for-go/sdk/azidentity v1.14.0 h1:CU4+EJeJi3TKYWEcYuSdWsjzw0nVsK/H0MSQOiPcymU=
github.com/Azure/azure-sdk-for-go/sdk/azidentity v1.14.0/go.mod h1:q0+UTSRvShwUCrR/s5HtyInYphN7Wvxb7snFM3u+SLA=
github.com/Azure/azure-sdk-for-go/sdk/azidentity/cache v0.4.0 h1:xFaZZ+IubdftrDHnGGwZ6QvQ3KHTtWl2MCK+GMt2vxs=
github.com/Azure/azure-sdk-for-go/sdk/azidentity/cache v0.4.0/go.mod h1:mCBhUhlMjLLJKr5aqw2TNS/VqJOie8MzWq3DAMJeKso=
github.com/Azure/azure-sdk-for-go/sdk/internal v1.12.0 h1:fhqpLE3UEXi9lPaBRpQ6XuRW0nU7hgg4zlmZZa+a9q4=
github.com/Azure/azure-sdk-for-go/sdk/internal v1.12.0/go.mod h1:7dCRMLwisfRH3dBupKeNCioWYUZ4SS09Z14H+7i8ZoY=
github.com/Azure/azure-sdk-for-go/sdk/resourcemanager/storage/armstorage v1.8.1 h1:/Zt+cDPnpC3OVDm/JKLOs7M2DKmLRIIp3XIx9pHHiig=
github.com/Azure/azure-sdk-for-go/sdk/resourcemanager/storage/armstorage v1.8.1/go.mod h1:Ng3urmn6dYe8gnbCMoHHVl5APYz2txho3koEkV2o2HA=
github.com/Azure/azure-sdk-for-go/sdk/storage/azblob v1.8.0 h1:irsmOWwkp0KCTTNS5e2hdFeIvSQClQo2No3IaNmL3Vw=
github.com/Azure/azure-sdk-for-go/sdk/storage/azblob v1.8.0/go.mod h1:GWcBkQj3MqN7ozHKLaCCAuNLiXoIGv2RtanfAwSjY/Y=
github.com/AzureAD/microsoft-authentication-extensions-for-go/cache v0.1.1 h1:WJTmL004Abzc5wDB5VtZG2PJk5ndYDgVacGqfirKxjM=
github.com/AzureAD/microsoft-authentication-extensions-for-go/cache v0.1.1/go.mod h1:tCcJZ0uHAmvjsVYzEFivsRTN00oz5BEsRgQHu5JZ9WE=
github.com/AzureAD/microsoft-authentication-library-for-go v1.7.2 h1:RHK7bS+HQMslb1sZpAokUt+zTVmue0hKSs2C791hhzU=
github.com/AzureAD/microsoft-authentication-library-for-go v1.7.2/go.mod h1:HKpQxkWaGLJ+D/5H8QRpyQXA1eKjxkFlOMwck5+33Jk=
github.com/Khan/genqlient v0.8.1 h1:wtOCc8N9rNynRLXN3k3CnfzheCUNKBcvXmVv5zt6WCs=
github.com/Khan/genqlient v0.8.1/go.mod h1:R2G6DzjBvCbhjsEajfRjbWdVglSH/73kSivC9TLWVjU=
github.com/agnivade/levenshtein v1.2.1 h1:EHBY3UOn1gwdy/VbFwgo4cxecRznFk7fKWN1KOX7eoM=
github.com/agnivade/levenshtein v1.2.1/go.mod h1:QVVI16kDrtSuwcpd0p1+xMC6Z/VfhtCyDIjcwga4/DU=
github.com/alexflint/go-arg v1.5.1 h1:nBuWUCpuRy0snAG+uIJ6N0UvYxpxA0/ghA/AaHxlT8Y=
github.com/alexflint/go-arg v1.5.1/go.mod h1:A7vTJzvjoaSTypg4biM5uYNTkJ27SkNTArtYXnlqVO8=
github.com/alexflint/go-scalar v1.2.0 h1:WR7JPKkeNpnYIOfHRa7ivM21aWAdHD0gEWHCx+WQBRw=
github.com/alexflint/go-scalar v1.2.0/go.mod h1:LoFvNMqS1CPrMVltza4LvnGKhaSpc3oyLEBUZVhhS2o=
github.com/andreyvit/diff v0.0.0-20170406064948-c7f18ee00883 h1:bvNMNQO63//z+xNgfBlViaCIJKLlCJ6/fmUseuG0wVQ=
github.com/andreyvit/diff v0.0.0-20170406064948-c7f18ee00883/go.mod h1:rCTlJbsFo29Kk6CurOXKm700vrz8f0KW0JNfpkRJY/8=
github.com/arbovm/levenshtein v0.0.0-20160628152529-48b4e1c0c4d0 h1:jfIu9sQUG6Ig+0+Ap1h4unLjW6YQJpKZVmUzxsD4E/Q=
github.com/arbovm/levenshtein v0.0.0-20160628152529-48b4e1c0c4d0/go.mod h1:t2tdKJDJF9BV14lnkjHmOQgcvEKgtqs5a1N3LNdJhGE=
github.com/aws/aws-sdk-go-v2 v1.43.4 h1:b9FTvbRwy+JCsfp2Wp6wV/KbOx3Aj7nkoFb2cRX0IhE=
github.com/aws/aws-sdk-go-v2 v1.43.4/go.mod h1:70vwSy16txshwG+g55WkpgPKDIByzHI8ccBsOteo3bQ=
github.com/aws/aws-sdk-go-v2/aws/protocol/eventstream v1.7.16 h1:aiuaKlDweRC5qExJondpWjOgyzMHpofpwspGXUtwn4c=
github.com/aws/aws-sdk-go-v2/aws/protocol/eventstream v1.7.16/go.mod h1:nG/LOlmox9BDe9HvQnXWzgcK8uKbgBMZ/Hp5pVt/21I=
github.com/aws/aws-sdk-go-v2/config v1.32.35 h1:UEzXuET8E42lxBPijuACu/tEK7v5lFPlk0Q+GT5WD9E=
github.com/aws/aws-sdk-go-v2/config v1.32.35/go.mod h1:KaMtJpFa2JlL2BStjjHQVwQpzZEmw+ND/EgVrfFoo2g=
github.com/aws/aws-sdk-go-v2/credentials v1.19.34 h1:y6GkSmcv5myd1ngrYbGmiLlwQqB6TQhOuN/tbSSuWDY=
github.com/aws/aws-sdk-go-v2/credentials v1.19.34/go.mod h1:w3dTcnDVoQIewjo7JG45hduAToikiIFLC4FIO7fndvw=
github.com/aws/aws-sdk-go-v2/feature/ec2/imds v1.18.35 h1:+S7kbJoLDDQ5tE+lHrUBgMkzC8NLgsaioS2F3dVoFAE=
github.com/aws/aws-sdk-go-v2/feature/ec2/imds v1.18.35/go.mod h1:Ak7xXviIARfFdNUJ9Etb0bdVDt/KAvKjMGJVLWXDzik=
github.com/aws/aws-sdk-go-v2/feature/s3/manager v1.22.41 h1:RgRlA38QGJPnsG6TNEnMTQq8COa6Ye7AGwdnFlzd3Ys=
github.com/aws/aws-sdk-go-v2/feature/s3/manager v1.22.41/go.mod h1:14QhagNwgiQqYUcAAJjQwgBXCcpxUau+8S/0YRLt5Uo=
github.com/aws/aws-sdk-go-v2/feature/s3/transfermanager v0.3.11 h1:eBXB8KZgzQ8A9QB4iJS4aw/u6+4OY3i2hQXPABeAIOg=
github.com/aws/aws-sdk-go-v2/feature/s3/transfermanager v0.3.11/go.mod h1:N9+5pG27Fy61GUL5YXVLXDTLmUudMrgwsuDbgBMNLxQ=
github.com/aws/aws-sdk-go-v2/internal/configsources v1.4.35 h1:kzVuGlatQtYinwBJEEyLAbggepCoavosiaHHX9+fD+c=
github.com/aws/aws-sdk-go-v2/internal/configsources v1.4.35/go.mod h1:0yLx0yEI+SfqeJMPvOtIEFoZbiQYXMGszBueiutQyaI=
github.com/aws/aws-sdk-go-v2/internal/endpoints/v2 v2.7.35 h1:WK6CjihTuLisCjSKKbildJ79sGZZgbBz3iNa7VsKIhU=
github.com/aws/aws-sdk-go-v2/internal/endpoints/v2 v2.7.35/go.mod h1:KYleN57luLoe97R7vTnx8PMcVrr9gAcRECtOjl91DNg=
github.com/aws/aws-sdk-go-v2/internal/v4a v1.4.36 h1:jbGY4CXLzZElOXgGsexlC3Hi+3YM0rSmk4opFXKqg/k=
github.com/aws/aws-sdk-go-v2/internal/v4a v1.4.36/go.mod h1:uBu/9aKsS/UQGc72RAt3y54kjgYQxmhut8ZD2dXCDNE=
github.com/aws/aws-sdk-go-v2/service/ec2 v1.321.0 h1:XxzwotCCRk2Un1OWcJujk4vAC2OZkGh5l816W1w+Fd8=
github.com/aws/aws-sdk-go-v2/service/ec2 v1.321.0/go.mod h1:Gi5mEHpABbT34fHwafgyxqrIte9oHUEHscusPBYEdHA=
github.com/aws/aws-sdk-go-v2/service/internal/accept-encoding v1.13.15 h1:JJLBQxwY+AFwuPAi5ivGc1ChnTdUt4cXMv7e76m2c/Y=
github.com/aws/aws-sdk-go-v2/service/internal/accept-encoding v1.13.15/go.mod h1:lQknBIe78MVL0cQOQDlag8KGflMbMEVFx9mB6O8ENvk=
github.com/aws/aws-sdk-go-v2/service/internal/checksum v1.9.28 h1:Q1TF1J9jVD+vFo0LzNnmNdQ9EAt52TS+MQlq9Ir+Yxo=
github.com/aws/aws-sdk-go-v2/service/internal/checksum v1.9.28/go.mod h1:4KqXXC/p1hrotmouDFbrRoWaLy962b9PMUReCG6+uWo=
github.com/aws/aws-sdk-go-v2/service/internal/presigned-url v1.13.35 h1:BBEElKh4a+rKshvjrfpajTe9CbpZvrbb4Jkg2PB7RzA=
github.com/aws/aws-sdk-go-v2/service/internal/presigned-url v1.13.35/go.mod h1:zaZk983w//8beSruBVec/mr4CmDwgZitW/qzGhAAX0g=
github.com/aws/aws-sdk-go-v2/service/internal/s3shared v1.19.36 h1:EUIwBoN+q7UmhAejxgD27APiRjh1vwCFo53gSqdT0BM=
github.com/aws/aws-sdk-go-v2/service/internal/s3shared v1.19.36/go.mod h1:6u00gmlTGR6W0b2k9NBrld7MnOEmf1Spqx0VVt6AqyE=
github.com/aws/aws-sdk-go-v2/service/kms v1.55.4 h1:8T9CDPlcIUpXTKXXfMMFtD1eujGXbVysGiidx79bTkc=
github.com/aws/aws-sdk-go-v2/service/kms v1.55.4/go.mod h1:XlYycjMbh9zYnTPpjUropzSDngZd/x37jNa9vGHA7hE=
github.com/aws/aws-sdk-go-v2/service/s3 v1.107.0 h1:OkYV+1171za+ab9otU1tGxMXhx6uZvwVEtVddjLuYTg=
github.com/aws/aws-sdk-go-v2/service/s3 v1.107.0/go.mod h1:5FTZoQxhmLEiCAtYVk6V+t0iS/B5yGZVLZ3Wq5FDJZI=
github.com/aws/aws-sdk-go-v2/service/signin v1.5.4 h1:cOJELVNrq5Q3Udry2GLuHUM7MhwpeaQRdYaoa6GI/yI=
github.com/aws/aws-sdk-go-v2/service/signin v1.5.4/go.mod h1:f4LxzKBtaTxD7xh3PiVg3CE1tchQemfmghaJr+NbK2c=
github.com/aws/aws-sdk-go-v2/service/sso v1.33.4 h1:AMW7a7S8iQaHjBYZdU3PCq4GKRPijTPRAc7e6XtEThY=
github.com/aws/aws-sdk-go-v2/service/sso v1.33.4/go.mod h1:QQNsFV1DVXoXcZt18FS8lI8rtUrlDyAuWZLQ5shunv4=
github.com/aws/aws-sdk-go-v2/service/ssooidc v1.38.4 h1:AsbZcJAQPRmHDJG8K1N0pof/1zPWjVT8TFlTWuGLSvo=
github.com/aws/aws-sdk-go-v2/service/ssooidc v1.38.4/go.mod h1:6imqztH0//t0mKbl6yWl7swSEl7F/w32oAmqB3vP1ag=
github.com/aws/aws-sdk-go-v2/service/sts v1.45.4 h1:w/AryDYMjSUANSQ2uoZxJovUsMTwWJNTv3IMex30Y+4=
github.com/aws/aws-sdk-go-v2/service/sts v1.45.4/go.mod h1:WeBiAa67azG7Su9Vf+ChGDBLiAozJCXzdjXiPBUwtbc=
github.com/aws/smithy-go v1.27.7 h1:Zgj5z4LfcDYoQIVk+n/yGdTkP/2y6ZT5vYxe0fp7bqE=
github.com/aws/smithy-go v1.27.7/go.mod h1:YE2RhdIuDbA5E5bTdciG9KrW3+TiEONeUWCqxX9i1Fc=
github.com/beorn7/perks v1.0.1 h1:VlbKKnNfV8bJzeqoa4cOKqO6bYr3WgKZxO8Z16+hsOM=
github.com/beorn7/perks v1.0.1/go.mod h1:G2ZrVWU2WbWT9wwq4/hrbKbnv/1ERSJQ0ibhJ6rlkpw=
github.com/bitfield/gotestdox v0.2.2 h1:x6RcPAbBbErKLnapz1QeAlf3ospg8efBsedU93CDsnE=
github.com/bitfield/gotestdox v0.2.2/go.mod h1:D+gwtS0urjBrzguAkTM2wodsTQYFHdpx8eqRJ3N+9pY=
github.com/bmatcuk/doublestar/v4 v4.6.1 h1:FH9SifrbvJhnlQpztAx++wlkk70QBf0iBWDwNy7PA4I=
github.com/bmatcuk/doublestar/v4 v4.6.1/go.mod h1:xBQ8jztBU6kakFMg+8WGxn0c6z1fTSPVIjEY1Wr7jzc=
github.com/bradleyjkemp/cupaloy/v2 v2.6.0 h1:knToPYa2xtfg42U3I6punFEjaGFKWQRXJwj0JTv4mTs=
github.com/bradleyjkemp/cupaloy/v2 v2.6.0/go.mod h1:bm7JXdkRd4BHJk9HpwqAI8BoAY1lps46Enkdqw6aRX0=
github.com/brunoscheufler/aws-ecs-metadata-go v0.0.0-20221221133751-67e37ae746cd h1:C0dfBzAdNMqxokqWUysk2KTJSMmqvh9cNW1opdy5+0Q=
github.com/brunoscheufler/aws-ecs-metadata-go v0.0.0-20221221133751-67e37ae746cd/go.mod h1:CeKhh8xSs3WZAc50xABMxu+FlfAAd5PNumo7NfOv7EE=
github.com/buildkite/bintest/v3 v3.3.0 h1:RTWcSaJRlOT6t/K311ejPf+0J3LE/QEODzVG3vlLnWo=
github.com/buildkite/bintest/v3 v3.3.0/go.mod h1:btqpTsVODiJcb0NMdkkmtMQ6xoFc2W/nY5yy+3I0zcs=
github.com/buildkite/go-buildkite/v4 v4.23.0 h1:GlLgPzGz/+B/4Fc5CphIxynoQn00SdSu6QQp4PlAI3M=
github.com/buildkite/go-buildkite/v4 v4.23.0/go.mod h1:t/M4DUcs7qyebtzm3nkyZ1zUB/svWnKtR+uRU2Ca8tQ=
github.com/buildkite/go-pipeline v0.18.0 h1:aZJDytmm8qWoj+hAipBDzu80TFppHuByeT3LaT7uYlk=
github.com/buildkite/go-pipeline v0.18.0/go.mod h1:6Mcx4gDQBMBsWEdRpPi1JEuxWlam11zaT3J/6/v8lN0=
github.com/buildkite/interpolate v0.1.5 h1:v2Ji3voik69UZlbfoqzx+qfcsOKLA61nHdU79VV+tPU=
github.com/buildkite/interpolate v0.1.5/go.mod h1:dHnrwHew5O8VNOAgMDpwRlFnhL5VSN6M1bHVmRZ9Ccc=
github.com/buildkite/roko v1.4.0 h1:DxixoCdpNqxu4/1lXrXbfsKbJSd7r1qoxtef/TT2J80=
github.com/buildkite/roko v1.4.0/go.mod h1:0vbODqUFEcVf4v2xVXRfZZRsqJVsCCHTG/TBRByGK4E=
github.com/buildkite/shellwords v1.0.1 h1:88OjMbEBf+EliVB0tizXJynpAM2CKOvYwepg5n8O70M=
github.com/buildkite/shellwords v1.0.1/go.mod h1:so0eQnTxgbo58CTYX+4BCx5UuMzvRha9dcKdCKl6NV4=
github.com/buildkite/test-engine-client/v3 v3.0.0 h1:5O4DRashzzw2/VDVSp9OtihzWCPiGgEns2m4W5JGvNI=
github.com/buildkite/test-engine-client/v3 v3.0.0/go.mod h1:qRid6sV+3BAcPJj3yP98lQkoQbNXAq2/Ix0KnZxfzkw=
github.com/cenkalti/backoff v2.2.1+incompatible h1:tNowT99t7UNflLxfYYSlKYsBpXdEet03Pg2g16Swow4=
github.com/cenkalti/backoff v2.2.1+incompatible/go.mod h1:90ReRw6GdpyfrHakVjL/QHaoyV4aDUVVkXQJJJ3NXXM=
github.com/cenkalti/backoff/v5 v5.0.3 h1:ZN+IMa753KfX5hd8vVaMixjnqRZ3y8CuJKRKj1xcsSM=
github.com/cenkalti/backoff/v5 v5.0.3/go.mod h1:rkhZdG3JZukswDf7f0cwqPNk4K0sa+F97BxZthm/crw=
github.com/cespare/xxhash/v2 v2.3.0 h1:UL815xU9SqsFlibzuggzjXhog7bL6oX9BbNZnL2UFvs=
github.com/cespare/xxhash/v2 v2.3.0/go.mod h1:VGX0DQ3Q6kWi7AoAeZDth3/j3BFtOZR5XLFGgcrjCOs=
github.com/cncf/xds/go v0.0.0-20260202195803-dba9d589def2 h1:aBangftG7EVZoUb69Os8IaYg++6uMOdKK83QtkkvJik=
github.com/cncf/xds/go v0.0.0-20260202195803-dba9d589def2/go.mod h1:qwXFYgsP6T7XnJtbKlf1HP8AjxZZyzxMmc+Lq5GjlU4=
github.com/coreos/go-systemd/v22 v22.7.0 h1:LAEzFkke61DFROc7zNLX/WA2i5J8gYqe0rSj9KI28KA=
github.com/coreos/go-systemd/v22 v22.7.0/go.mod h1:xNUYtjHu2EDXbsxz1i41wouACIwT7Ybq9o0BQhMwD0w=
github.com/creack/pty v1.1.19 h1:tUN6H7LWqNx4hQVxomd0CVsDwaDr9gaRQaI4GpSmrsA=
github.com/creack/pty v1.1.19/go.mod h1:MOBLtS5ELjhRRrroQr9kyvTxUAFNvYEK993ew/Vr4O4=
github.com/davecgh/go-spew v1.1.0/go.mod h1:J7Y8YcW2NihsgmVo/mv3lAwl/skON4iLHjSsI+c5H38=
github.com/davecgh/go-spew v1.1.1/go.mod h1:J7Y8YcW2NihsgmVo/mv3lAwl/skON4iLHjSsI+c5H38=
github.com/davecgh/go-spew v1.1.2-0.20180830191138-d8f796af33cc h1:U9qPSI2PIWSS1VwoXQT9A3Wy9MM3WgvqSxFWenqJduM=
github.com/davecgh/go-spew v1.1.2-0.20180830191138-d8f796af33cc/go.mod h1:J7Y8YcW2NihsgmVo/mv3lAwl/skON4iLHjSsI+c5H38=
github.com/decred/dcrd/dcrec/secp256k1/v4 v4.4.1 h1:5RVFMOWjMyRy8cARdy79nAmgYw3hK/4HUq48LQ6Wwqo=
github.com/decred/dcrd/dcrec/secp256k1/v4 v4.4.1/go.mod h1:ZXNYxsqcloTdSy/rNShjYzMhyjf0LaoftYK0p+A3h40=
github.com/denisbrodbeck/machineid v1.0.1 h1:geKr9qtkB876mXguW2X6TU4ZynleN6ezuMSRhl4D7AQ=
github.com/denisbrodbeck/machineid v1.0.1/go.mod h1:dJUwb7PTidGDeYyUBmXZ2GphQBbjJCrnectwCyxcUSI=
github.com/dgryski/trifles v0.0.0-20230903005119-f50d829f2e54 h1:SG7nF6SRlWhcT7cNTs5R6Hk4V2lcmLz2NsG2VnInyNo=
github.com/dgryski/trifles v0.0.0-20230903005119-f50d829f2e54/go.mod h1:if7Fbed8SFyPtHLHbg49SI7NAdJiC5WIA09pe59rfAA=
github.com/dnephin/pflag v1.0.7 h1:oxONGlWxhmUct0YzKTgrpQv9AUA1wtPBn7zuSjJqptk=
github.com/dnephin/pflag v1.0.7/go.mod h1:uxE91IoWURlOiTUIA8Mq5ZZkAv3dPUfZNaT80Zm7OQE=
github.com/dustin/go-humanize v1.0.1 h1:GzkhY7T5VNhEkwH0PVJgjz+fX1rhBrR7pRT3mDkpeCY=
github.com/dustin/go-humanize v1.0.1/go.mod h1:Mu1zIs6XwVuF/gI1OepvI0qD18qycQx+mFykh5fBlto=
github.com/dustinkirkland/golang-petname v0.0.0-20260215035315-f0c533e9ce9b h1:qZ21OofI7zneC9dOEqul4FmIWz/YjJJMrf6fL7jrFYQ=
github.com/dustinkirkland/golang-petname v0.0.0-20260215035315-f0c533e9ce9b/go.mod h1:8AuBTZBRSFqEYBPYULd+NN474/zZBLP+6WeT5S9xlAc=
github.com/envoyproxy/go-control-plane v0.14.0 h1:hbG2kr4RuFj222B6+7T83thSPqLjwBIfQawTkC++2HA=
github.com/envoyproxy/go-control-plane/envoy v1.37.0 h1:u3riX6BoYRfF4Dr7dwSOroNfdSbEPe9Yyl09/B6wBrQ=
github.com/envoyproxy/go-control-plane/envoy v1.37.0/go.mod h1:DReE9MMrmecPy+YvQOAOHNYMALuowAnbjjEMkkWOi6A=
github.com/envoyproxy/protoc-gen-validate v1.3.3 h1:MVQghNeW+LZcmXe7SY1V36Z+WFMDjpqGAGacLe2T0ds=
github.com/envoyproxy/protoc-gen-validate v1.3.3/go.mod h1:TsndJ/ngyIdQRhMcVVGDDHINPLWB7C82oDArY51KfB0=
github.com/fatih/color v1.18.0 h1:S8gINlzdQ840/4pfAwic/ZE0djQEH3wM94VfqLTZcOM=
github.com/fatih/color v1.18.0/go.mod h1:4FelSpRwEGDpQ12mAdzqdOukCy4u8WUtOY6lkT/6HfU=
github.com/felixge/httpsnoop v1.1.0 h1:3YtUj32ZZkqZtt3sZZsClsymw/QDuVfpNhoA31zeORc=
github.com/felixge/httpsnoop v1.1.0/go.mod h1:Zqxgdd+1Rkcz8euOqdr7lqgCRJztwr5hp9vDSi5UZCE=
github.com/fortytw2/leaktest v1.3.0 h1:u8491cBMTQ8ft8aeV+adlcytMZylmA5nnwwkRZjI8vw=
github.com/fortytw2/leaktest v1.3.0/go.mod h1:jDsjWgpAGjm2CA7WthBh/CdZYEPF31XHquHwclZch5g=
github.com/fsnotify/fsnotify v1.9.0 h1:2Ml+OJNzbYCTzsxtv8vKSFD9PbJjmhYF14k/jKC7S9k=
github.com/fsnotify/fsnotify v1.9.0/go.mod h1:8jBTzvmWwFyi3Pb8djgCCO5IBqzKJ/Jwo8TRcHyHii0=
github.com/go-chi/chi/v5 v5.3.2 h1:5YQkICvTCSZ25hoRsyJazN0scjzKGiu4VAUc7H1o1nY=
github.com/go-chi/chi/v5 v5.3.2/go.mod h1:R+tYY2hNuVUUjxoPtqUdgBqevM9s9njzkTLutVsOCto=
github.com/go-logr/logr v1.2.2/go.mod h1:jdQByPbusPIv2/zmleS9BjJVeZ6kBagPoEUsqbVz/1A=
github.com/go-logr/logr v1.4.4 h1:tG4xh9yMsRCAiodLVTxyrkzSZ9+o0L1Kg/+cPVcbP/8=
github.com/go-logr/logr v1.4.4/go.mod h1:9T104GzyrTigFIr8wt5mBrctHMim0Nb2HLGrmQ40KvY=
github.com/go-logr/stdr v1.2.2 h1:hSWxHoqTgW2S2qGc0LTAI563KZ5YKYRhT3MFKZMbjag=
github.com/go-logr/stdr v1.2.2/go.mod h1:mMo/vtBO5dYbehREoey6XUKy/eSumjCCveDpRre4VKE=
github.com/go-quicktest/qt v1.101.0 h1:O1K29Txy5P2OK0dGo59b7b0LR6wKfIhttaAhHUyn7eI=
github.com/go-quicktest/qt v1.101.0/go.mod h1:14Bz/f7NwaXPtdYEgzsx46kqSxVwTbzVZsDC26tQJow=
github.com/goccy/go-json v0.10.6 h1:p8HrPJzOakx/mn/bQtjgNjdTcN+/S6FcG2CTtQOrHVU=
github.com/goccy/go-json v0.10.6/go.mod h1:oq7eo15ShAhp70Anwd5lgX2pLfOS3QCiwU/PULtXL6M=
github.com/gofrs/flock v0.13.1 h1:jjREztyBeSKBZYAC+mgc1laB+xsgy4kYMf3FbKF2UBo=
github.com/gofrs/flock v0.13.1/go.mod h1:sf4BFiHwnvgxa25DlQoDqXQnwRMEOwqxRq37P6MzzmE=
github.com/golang-jwt/jwt/v5 v5.3.1 h1:kYf81DTWFe7t+1VvL7eS+jKFVWaUnK9cB1qbwn63YCY=
github.com/golang-jwt/jwt/v5 v5.3.1/go.mod h1:fxCRLWMO43lRc8nhHWY6LGqRcf+1gQWArsqaEUEa5bE=
github.com/golang/protobuf v1.5.4 h1:i7eJL8qZTpSEXOPTxNKhASYpMn+8e5Q6AdndVa1dWek=
github.com/golang/protobuf v1.5.4/go.mod h1:lnTiLA8Wa4RWRcIUkrtSVa5nRhsEGBg48fD6rSs7xps=
github.com/google/go-cmp v0.6.0/go.mod h1:17dUlkBOakJ0+DkrSSNjCkIjxS6bF9zb3elmeNGIjoY=
github.com/google/go-cmp v0.7.0 h1:wk8382ETsv4JYUZwIsn6YpYiWiBsYLSJiTsyBybVuN8=
github.com/google/go-cmp v0.7.0/go.mod h1:pXiqmnSA92OHEEa9HXL2W4E7lf9JzCmGVUdgjX3N/iU=
github.com/google/go-querystring v1.2.0 h1:yhqkPbu2/OH+V9BfpCVPZkNmUXhb2gBxJArfhIxNtP0=
github.com/google/go-querystring v1.2.0/go.mod h1:8IFJqpSRITyJ8QhQ13bmbeMBDfmeEJZD5A0egEOmkqU=
github.com/google/s2a-go v0.1.9 h1:LGD7gtMgezd8a/Xak7mEWL0PjoTQFvpRudN895yqKW0=
github.com/google/s2a-go v0.1.9/go.mod h1:YA0Ei2ZQL3acow2O62kdp9UlnvMmU7kA6Eutn0dXayM=
github.com/google/shlex v0.0.0-20191202100458-e7afc7fbc510 h1:El6M4kTTCOh6aBiKaUGG7oYTSPP8MxqL4YI3kZKwcP4=
github.com/google/shlex v0.0.0-20191202100458-e7afc7fbc510/go.mod h1:pupxD2MaaD3pAXIBCelhxNneeOaAeabZDe5s4K6zSpQ=
github.com/google/uuid v1.0.0/go.mod h1:TIyPZe4MgqvfeYDBFedMoGGpEw/LqOeaOT+nhxU+yHo=
github.com/google/uuid v1.6.0 h1:NIvaJDMOsjHA8n1jAhLSgzrAzy1Hgr+hNrb57e+94F0=
github.com/google/uuid v1.6.0/go.mod h1:TIyPZe4MgqvfeYDBFedMoGGpEw/LqOeaOT+nhxU+yHo=
github.com/googleapis/enterprise-certificate-proxy v0.3.19 h1:mMOE7DN2+p76/EdIrmAy9B9bH+yC4563vmnJ34QR8i4=
github.com/googleapis/enterprise-certificate-proxy v0.3.19/go.mod h1:rSEsBUemEBZEexP2y6jPp16LUmUbjmSbcPMQizR0o4k=
github.com/googleapis/gax-go/v2 v2.23.0 h1:Tchl7qkvE7Ip3y+ztvNufYFvkfqTe7NfLTYGIdJRLuE=
github.com/googleapis/gax-go/v2 v2.23.0/go.mod h1:rBQKOVJCdb8IFEzg+FCwlt1LP/xMDGuqUXhUG+XMXEg=
github.com/gorilla/websocket v1.5.0 h1:PPwGk2jz7EePpoHN/+ClbZu8SPxiqlu12wZP/3sWmnc=
github.com/gorilla/websocket v1.5.0/go.mod h1:YR8l580nyteQvAITg2hZ9XVh4b55+EU/adAjf1fMHhE=
github.com/gowebpki/jcs v1.0.1 h1:Qjzg8EOkrOTuWP7DqQ1FbYtcpEbeTzUoTN9bptp8FOU=
github.com/gowebpki/jcs v1.0.1/go.mod h1:CID1cNZ+sHp1CCpAR8mPf6QRtagFBgPJE0FCUQ6+BrI=
github.com/grpc-ecosystem/grpc-gateway/v2 v2.30.0 h1:/Tnpcb2E0Pz/tN9s3bfEY2Q8ePCEX9iuS+cneUwncnw=
github.com/grpc-ecosystem/grpc-gateway/v2 v2.30.0/go.mod h1:zOBXOsUaBSjKgmH4OGzV1esUpR3oUSCPYVd2cUBjKYY=
github.com/kballard/go-shellquote v0.0.0-20180428030007-95032a82bc51 h1:Z9n2FFNUXsshfwJMBgNA0RU6/i7WVaAegv3PtuIHPMs=
github.com/kballard/go-shellquote v0.0.0-20180428030007-95032a82bc51/go.mod h1:CzGEWj7cYgsdH8dAjBGEr58BoE7ScuLd+fwFZ44+/x8=
github.com/keybase/go-keychain v0.0.1 h1:way+bWYa6lDppZoZcgMbYsvC7GxljxrskdNInRtuthU=
github.com/keybase/go-keychain v0.0.1/go.mod h1:PdEILRW3i9D8JcdM+FmY6RwkHGnhHxXwkPPMeUgOK1k=
github.com/klauspost/compress v1.19.2 h1:hMRETovs/pu/dVWN7zIT1PGG8t509MwT6bO7XSi26R8=
github.com/klauspost/compress v1.19.2/go.mod h1:cwPg85FWrGar70rWktvGQj8/hthj3wpl0PGDogxkrSQ=
github.com/kr/pretty v0.3.1 h1:flRD4NNwYAUpkphVc1HcthR4KEIFJ65n8Mw5qdRn3LE=
github.com/kr/pretty v0.3.1/go.mod h1:hoEshYVHaxMs3cyo3Yncou5ZscifuDolrwPKZanG3xk=
github.com/kr/text v0.2.0 h1:5Nx0Ya0ZqY2ygV366QzturHI13Jq95ApcVaJBhpS+AY=
github.com/kr/text v0.2.0/go.mod h1:eLer722TekiGuMkidMxC/pM04lWEeraHUUmBw8l2grE=
github.com/kylelemons/godebug v1.1.0 h1:RPNrshWIDI6G2gRW9EHilWtl7Z6Sb1BR0xunSBf0SNc=
github.com/kylelemons/godebug v1.1.0/go.mod h1:9/0rRGxNHcop5bhtWyNeEfOS8JIWk580+fNqagV/RAw=
github.com/lestrrat-go/blackmagic v1.0.4 h1:IwQibdnf8l2KoO+qC3uT4OaTWsW7tuRQXy9TRN9QanA=
github.com/lestrrat-go/blackmagic v1.0.4/go.mod h1:6AWFyKNNj0zEXQYfTMPfZrAXUWUfTIZ5ECEUEJaijtw=
github.com/lestrrat-go/dsig v1.3.0 h1:phjMOCXvYzhuIgn7Voe2rex8z166vGfxRxmqM25P9/Q=
github.com/lestrrat-go/dsig v1.3.0/go.mod h1:RD2eOaidyPvpc7IJQoO3Qq52RWdy8ZcJs8lrOnoa1Kc=
github.com/lestrrat-go/dsig-secp256k1 v1.0.0 h1:JpDe4Aybfl0soBvoVwjqDbp+9S1Y2OM7gcrVVMFPOzY=
github.com/lestrrat-go/dsig-secp256k1 v1.0.0/go.mod h1:CxUgAhssb8FToqbL8NjSPoGQlnO4w3LG1P0qPWQm/NU=
github.com/lestrrat-go/httpcc v1.0.1 h1:ydWCStUeJLkpYyjLDHihupbn2tYmZ7m22BGkcvZZrIE=
github.com/lestrrat-go/httpcc v1.0.1/go.mod h1:qiltp3Mt56+55GPVCbTdM9MlqhvzyuL6W/NMDA8vA5E=
github.com/lestrrat-go/httprc/v3 v3.0.6 h1:4FpLQ18KK/ypPbVU3NLWJNRvH3kcYiqKqWfKGqNWxxI=
github.com/lestrrat-go/httprc/v3 v3.0.6/go.mod h1:mSMtkZW92Z98M5YoNNztbRGxbXHql7tSitCvaxvo9l0=
github.com/lestrrat-go/jwx/v3 v3.2.0 h1:Jb3zBASTSZXz7gzzSAfYqxXF8KejvKC4xWoePLQqXCA=
github.com/lestrrat-go/jwx/v3 v3.2.0/go.mod h1:38vQ8iWKq3qRSbilbzvzdQPuywhowwuR03lhkYskyrw=
github.com/lestrrat-go/option/v2 v2.0.0 h1:XxrcaJESE1fokHy3FpaQ/cXW8ZsIdWcdFzzLOcID3Ss=
github.com/lestrrat-go/option/v2 v2.0.0/go.mod h1:oSySsmzMoR0iRzCDCaUfsCzxQHUEuhOViQObyy7S6Vg=
github.com/mattn/go-colorable v0.1.14 h1:9A9LHSqF/7dyVVX6g0U9cwm9pG3kP9gSzcuIPHPsaIE=
github.com/mattn/go-colorable v0.1.14/go.mod h1:6LmQG8QLFO4G5z1gPvYEzlUgJ2wF+stgPZH1UqBm1s8=
github.com/mattn/go-isatty v0.0.20 h1:xfD0iDuEKnDkl03q4limB+vH+GxLEtL/jb4xVJSWWEY=
github.com/mattn/go-isatty v0.0.20/go.mod h1:W+V8PltTTMOvKvAeJH7IuucS94S2C6jfK/D7dTCTo3Y=
github.com/mattn/go-runewidth v0.0.9/go.mod h1:H031xJmbD/WCDINGzjvQ9THkh0rPKHF+m2gUSrubnMI=
github.com/mattn/go-runewidth v0.0.16 h1:E5ScNMtiwvlvB5paMFdw9p4kSQzbXFikJ5SQO6TULQc=
github.com/mattn/go-runewidth v0.0.16/go.mod h1:Jdepj2loyihRzMpdS35Xk/zdY8IAYHsh153qUoGf23w=
github.com/munnerz/goautoneg v0.0.0-20191010083416-a7dc8b61c822 h1:C3w9PqII01/Oq1c1nUAm88MOHcQC9l5mIlSMApZMrHA=
github.com/munnerz/goautoneg v0.0.0-20191010083416-a7dc8b61c822/go.mod h1:+n7T8mK8HuQTcFwEeznm/DIxMOiR9yIdICNftLE1DvQ=
github.com/oleiade/reflections v1.1.0 h1:D+I/UsXQB4esMathlt0kkZRJZdUDmhv5zGi/HOwYTWo=
github.com/oleiade/reflections v1.1.0/go.mod h1:mCxx0QseeVCHs5Um5HhJeCKVC7AwS8kO67tky4rdisA=
github.com/olekukonko/tablewriter v0.0.5 h1:P2Ga83D34wi1o9J6Wh1mRuqd4mF/x/lgBS7N7AbDhec=
github.com/olekukonko/tablewriter v0.0.5/go.mod h1:hPp6KlRPjbx+hW8ykQs1w3UBbZlj6HuIJcUGPhkA7kY=
github.com/pborman/uuid v1.2.1 h1:+ZZIw58t/ozdjRaXh/3awHfmWRbzYxJoAdNJxe/3pvw=
github.com/pborman/uuid v1.2.1/go.mod h1:X/NO0urCmaxf9VXbdlT7C2Yzkj2IKimNn4k+gtPdI/k=
github.com/pkg/browser v0.0.0-20240102092130-5ac0b6a4141c h1:+mdjkGKdHQG3305AYmdv1U2eRNDiU2ErMBj1gwrq8eQ=
github.com/pkg/browser v0.0.0-20240102092130-5ac0b6a4141c/go.mod h1:7rwL4CYBLnjLxUqIJNnCWiEdr3bn6IUYi15bNlnbCCU=
github.com/planetscale/vtprotobuf v0.6.1-0.20240319094008-0393e58bdf10 h1:GFCKgmp0tecUJ0sJuv4pzYCqS9+RGSn52M3FUwPs+uo=
github.com/planetscale/vtprotobuf v0.6.1-0.20240319094008-0393e58bdf10/go.mod h1:t/avpk3KcrXxUnYOhZhMXJlSEyie6gQbtLq5NM3loB8=
github.com/pmezard/go-difflib v1.0.0/go.mod h1:iKH77koFhYxTK1pcRnkKkqfTogsbg7gZNVY4sRDYZ/4=
github.com/pmezard/go-difflib v1.0.1-0.20181226105442-5d4384ee4fb2 h1:Jamvg5psRIccs7FGNTlIRMkT8wgtp5eCXdBlqhYGL6U=
github.com/pmezard/go-difflib v1.0.1-0.20181226105442-5d4384ee4fb2/go.mod h1:iKH77koFhYxTK1pcRnkKkqfTogsbg7gZNVY4sRDYZ/4=
github.com/prometheus/client_golang v1.24.1 h1:JnJkREXzWxUdCuPFpIWZiPispT9xVV59uiuyR2bPlnU=
github.com/prometheus/client_golang v1.24.1/go.mod h1:F+oSRECHg4sse5ucfYpYDeIv/hu68Zo0uoHKetWnzcE=
github.com/prometheus/client_model v0.6.2 h1:oBsgwpGs7iVziMvrGhE53c/GrLUsZdHnqNwqPLxwZyk=
github.com/prometheus/client_model v0.6.2/go.mod h1:y3m2F6Gdpfy6Ut/GBsUqTWZqCUvMVzSfMLjcu6wAwpE=
github.com/prometheus/common v0.70.1 h1:1HvjP4D5oL3t8RsPlwxA9onvvStjtIHYE5XuuwOi/PY=
github.com/prometheus/common v0.70.1/go.mod h1:VdFUQDMZK3VLkurFUVhia6uys/0suUp86TJz5qbJRhc=
github.com/prometheus/procfs v0.21.1 h1:GljZCt+zSTS+NZq88cyQ1LjZ+RCHp3uVuabBWA5+OJI=
github.com/prometheus/procfs v0.21.1/go.mod h1:aB55Cww9pdSJVHk0hUf0inxWyyjPogFIjmHKYgMKmtY=
github.com/puzpuzpuz/xsync/v2 v2.5.1 h1:mVGYAvzDSu52+zaGyNjC+24Xw2bQi3kTr4QJ6N9pIIU=
github.com/puzpuzpuz/xsync/v2 v2.5.1/go.mod h1:gD2H2krq/w52MfPLE+Uy64TzJDVY7lP2znR9qmR35kU=
github.com/qri-io/jsonpointer v0.1.1 h1:prVZBZLL6TW5vsSB9fFHFAMBLI4b0ri5vribQlTJiBA=
github.com/qri-io/jsonpointer v0.1.1/go.mod h1:DnJPaYgiKu56EuDp8TU5wFLdZIcAnb/uH9v37ZaMV64=
github.com/qri-io/jsonschema v0.2.1 h1:NNFoKms+kut6ABPf6xiKNM5214jzxAhDBrPHCJ97Wg0=
github.com/qri-io/jsonschema v0.2.1/go.mod h1:g7DPkiOsK1xv6T/Ao5scXRkd+yTFygcANPBaaqW+VrI=
github.com/rivo/uniseg v0.2.0/go.mod h1:J6wj4VEh+S6ZtnVlnTBMWIodfgj8LQOQFoIToxlJtxc=
github.com/rivo/uniseg v0.4.7 h1:WUdvkW8uEhrYfLC4ZzdpI2ztxP1I582+49Oc5Mq64VQ=
github.com/rivo/uniseg v0.4.7/go.mod h1:FN3SvrM+Zdj16jyLfmOkMNblXMcoc8DfTHruCPUcx88=
github.com/rogpeppe/go-internal v1.14.1 h1:UQB4HGPB6osV0SQTLymcB4TgvyWu6ZyliaW0tI/otEQ=
github.com/rogpeppe/go-internal v1.14.1/go.mod h1:MaRKkUm5W0goXpeCfT7UZI6fk/L7L7so1lCWt35ZSgc=
github.com/saracen/zipextra v0.0.0-20250129175152-f1aa42d25216 h1:8zyjtFyKi5NJySVOJRiHmSN1vl6qugQ5n9C4X7WyY3U=
github.com/saracen/zipextra v0.0.0-20250129175152-f1aa42d25216/go.mod h1:hnzuad9d2wdd3z8fC6UouHQK5qZxqv3F/E6MMzXc7q0=
github.com/segmentio/asm v1.2.1 h1:DTNbBqs57ioxAD4PrArqftgypG4/qNpXoJx8TVXxPR0=
github.com/segmentio/asm v1.2.1/go.mod h1:BqMnlJP91P8d+4ibuonYZw9mfnzI9HfxselHZr5aAcs=
github.com/sergi/go-diff v1.0.0/go.mod h1:0CfEIISq7TuYL3j771MWULgwwjU+GofnZX9QAmXWZgo=
github.com/sergi/go-diff v1.3.1 h1:xkr+Oxo4BOQKmkn/B9eMK0g5Kg/983T9DqqPHwYqD+8=
github.com/sergi/go-diff v1.3.1/go.mod h1:aMJSSKb2lpPvRNec0+w3fl7LP9IOFzdc9Pa4NFbPK1I=
github.com/stretchr/objx v0.1.0/go.mod h1:HFkY916IF+rwdDfMAkV7OtwuqBVzrE8GR6GFx+wExME=
github.com/stretchr/objx v0.4.0/go.mod h1:YvHI0jy2hoMjB+UWwv71VJQ9isScKT/TqJzVSSt89Yw=
github.com/stretchr/testify v1.2.2/go.mod h1:a8OnRcib4nhh0OaRAV+Yts87kKdq0PP7pXfy6kDkUVs=
github.com/stretchr/testify v1.3.0/go.mod h1:M5WIy9Dh21IEIfnGCwXGc5bZfKNJtfHm1UVUgZn+9EI=
github.com/stretchr/testify v1.7.0/go.mod h1:6Fq8oRcR53rry900zMqJjRRixrwX3KX962/h/Wwjteg=
github.com/stretchr/testify v1.7.1/go.mod h1:6Fq8oRcR53rry900zMqJjRRixrwX3KX962/h/Wwjteg=
github.com/stretchr/testify v1.8.0/go.mod h1:yNjHg4UonilssWZ8iaSj1OCr/vHnekPRkoO+kdMU+MU=
github.com/stretchr/testify v1.12.1 h1:EuwCh5fleGS7H32xRwO3wRGT7DxrDhLAT6FF8MpWDWE=
github.com/stretchr/testify v1.12.1/go.mod h1:MDEgiDPPsNp5cuIrHPPCyornHKgEVbtFUmoNlxoYthg=
github.com/urfave/cli/v3 v3.11.0 h1:P/euJp99kb9p0tlVY+iYTLYYTAQlfl0hR2gUO1Img1Q=
github.com/urfave/cli/v3 v3.11.0/go.mod h1:ysVLtOEmg2tOy6PknnYVhDoouyC/6N42TMeoMzskhso=
github.com/valyala/fastjson v1.6.10 h1:/yjJg8jaVQdYR3arGxPE2X5z89xrlhS0eGXdv+ADTh4=
github.com/valyala/fastjson v1.6.10/go.mod h1:e6FubmQouUNP73jtMLmcbxS6ydWIpOfhz34TSfO3JaE=
github.com/vektah/gqlparser/v2 v2.5.32 h1:k9QPJd4sEDTL+qB4ncPLflqTJ3MmjB9SrVzJrawpFSc=
github.com/vektah/gqlparser/v2 v2.5.32/go.mod h1:c1I28gSOVNzlfc4WuDlqU7voQnsqI6OG2amkBAFmgts=
github.com/wolfeidau/quickzip v1.0.3 h1:ThEzyN1RccCCeZqDvF7mM8gZxveOFaUTIinAA/HvsgU=
github.com/wolfeidau/quickzip v1.0.3/go.mod h1:ZDvxJMzI2iVp6CavOqxFq1tORhRyuxCDFw4HO25RbuA=
go.opentelemetry.io/auto/sdk v1.2.1 h1:jXsnJ4Lmnqd11kwkBV2LgLoFMZKizbCi5fNZ/ipaZ64=
go.opentelemetry.io/auto/sdk v1.2.1/go.mod h1:KRTj+aOaElaLi+wW1kO/DZRXwkF4C5xPbEe3ZiIhN7Y=
go.opentelemetry.io/contrib/instrumentation/google.golang.org/grpc/otelgrpc v0.70.0 h1:oECp5f+hN7nkwjU/8BxQ/q23bGPb8FIrD839owX222E=
go.opentelemetry.io/contrib/instrumentation/google.golang.org/grpc/otelgrpc v0.70.0/go.mod h1:DqEFwLumhzMBDQv9PcWbyoDxHI/4lAk6CM4nJBH39sc=
go.opentelemetry.io/contrib/instrumentation/net/http/otelhttp v0.70.0 h1:LMuyCAyfalSjDyjdC65nK6N0zoTT63+E/u95X0JovZI=
go.opentelemetry.io/contrib/instrumentation/net/http/otelhttp v0.70.0/go.mod h1:085m8qbm4hgc8rZWGDEa4vmyyo2c3nPxUslYUKUIU04=
go.opentelemetry.io/contrib/propagators/aws v1.46.0 h1:JslT1wq/5vb6lQsbdOqShvIEs7sDlf0IvKxNZdadfjY=
go.opentelemetry.io/contrib/propagators/aws v1.46.0/go.mod h1:JE4srRJf2cRJcJjRaNhViFjyFJqiCZJiDVlqe6GWXsA=
go.opentelemetry.io/contrib/propagators/b3 v1.46.0 h1:OFVqWObn7xLIbOjE/koO0LS9fZJNgAyBD0msA+UQAoc=
go.opentelemetry.io/contrib/propagators/b3 v1.46.0/go.mod h1:t/d64xy7xuuEDJN/4ThqohLgRhIuQxL9y7P1v02bYuM=
go.opentelemetry.io/contrib/propagators/jaeger v1.46.0 h1:uxl0SGcmuBkHj/Adl9oftEAyiawQBPL5RzMAmt/Yvq4=
go.opentelemetry.io/contrib/propagators/jaeger v1.46.0/go.mod h1:LiOkxCIvoLofmRps7f8l0NkBtmObnAyQ5trteFs6wj8=
go.opentelemetry.io/contrib/propagators/ot v1.46.0 h1:SxC/1xmJJJdGQTNmavqW8ju85TRXiZHeFaQdnEMCWLE=
go.opentelemetry.io/contrib/propagators/ot v1.46.0/go.mod h1:ZrntlVZOzRMetoU2y7eIHUbJ7riKEOqIyLXkuu91sxU=
go.opentelemetry.io/otel v1.46.0 h1:FHt5/CDyVxi/8IM1CH7VE/rRgq3kLHa2mSTVMO8AWyc=
go.opentelemetry.io/otel v1.46.0/go.mod h1:Gj3SEScelsNC45tp4nSxRYlS+f5iez7W8XPMCt905kE=
go.opentelemetry.io/otel/exporters/otlp/otlplog/otlploggrpc v0.22.0 h1:Bu39F5tzJct+f2IZbB8989fwyTps3c8e7EsUQsz+vs8=
go.opentelemetry.io/otel/exporters/otlp/otlplog/otlploggrpc v0.22.0/go.mod h1:dJUwod88EsFgYCqrDHaSPzhiY9pBUpt0d85/qSfua7k=
go.opentelemetry.io/otel/exporters/otlp/otlplog/otlploghttp v0.22.0 h1:lYk7RmxdLK865qLwibroNGldHa1U7SWKYYvNjlK7PIo=
go.opentelemetry.io/otel/exporters/otlp/otlplog/otlploghttp v0.22.0/go.mod h1:6GvlND0H0xdUJanOtIAn0xfwLkauh1tmsYEEVSMDdqY=
go.opentelemetry.io/otel/exporters/otlp/otlpmetric/otlpmetricgrpc v1.46.0 h1:qkDYCAFiZXLcs1L4aY+tP2wguQ4kURANqHOQMA2et2s=
go.opentelemetry.io/otel/exporters/otlp/otlpmetric/otlpmetricgrpc v1.46.0/go.mod h1:tkipS4DRzmpAmvg+Gw4++O1IdDq6TVDnvnYU6cmbQVs=
go.opentelemetry.io/otel/exporters/otlp/otlpmetric/otlpmetrichttp v1.46.0 h1:AP23h/mFgb/lc7tdck1Kfn9qxsM8TAeNPCU5C3pzaps=
go.opentelemetry.io/otel/exporters/otlp/otlpmetric/otlpmetrichttp v1.46.0/go.mod h1:K4EqCe1b4kGk5WR690ntg9LaBfsPoV32FwthbyoptuA=
go.opentelemetry.io/otel/exporters/otlp/otlptrace v1.46.0 h1:OFnwLJr+pF3iHrlGSzbxyuo6/6HyBlnlN1CWEJmBVcw=
go.opentelemetry.io/otel/exporters/otlp/otlptrace v1.46.0/go.mod h1:716wFneO0ov19A2beH5hjfh9AK5z/VWNAtDijp1Y0/g=
go.opentelemetry.io/otel/exporters/otlp/otlptrace/otlptracegrpc v1.46.0 h1:w53CDeOA/Kurp7yRsegSr6pbbr759dOvJ+yNmWM6Hxs=
go.opentelemetry.io/otel/exporters/otlp/otlptrace/otlptracegrpc v1.46.0/go.mod h1:BOmGMCbAtvcJiSJ+hLuhgPLdDbimnraSl8irz3iY8sY=
go.opentelemetry.io/otel/exporters/otlp/otlptrace/otlptracehttp v1.46.0 h1:KrC1YrQeSt46ITMWAbgQx1M1eV1/1TKzttrBzymPmss=
go.opentelemetry.io/otel/exporters/otlp/otlptrace/otlptracehttp v1.46.0/go.mod h1:zDSEzoEqsOrgBeGvH66KRgxh90VonFyJqBHA0Pk3+rM=
go.opentelemetry.io/otel/log v0.22.0 h1:5DBNnfvaJ6CVdkJ+Jle8Tzs50aSSv49TXGj9XRsEYw0=
go.opentelemetry.io/otel/log v0.22.0/go.mod h1:gzOt/R67vF2GniAqWu8Qv0SXy89f71muHcrkz76PCdc=
go.opentelemetry.io/otel/metric v1.46.0 h1:yBnkXvgV7AXFILZc5K6IZe/CBFF3OS7BJ8ov6/lj0K8=
go.opentelemetry.io/otel/metric v1.46.0/go.mod h1:iPmdWqifKUdzziPkvvzIJXITl56fQx2mGM/DHLB3/2o=
go.opentelemetry.io/otel/metric/x v0.68.0 h1:TA/cBT23D3MnxYPwHL7YFOdYGdx0A0v+s7Mzotpd1dU=
go.opentelemetry.io/otel/metric/x v0.68.0/go.mod h1:agudOmvWhwUTjgibWDzxD2PoWYnpw5Ht5jISYOD2Hd4=
go.opentelemetry.io/otel/sdk v1.46.0 h1:h5CNQQjEbuQXY/JfZtgt3i7HVFV3aHPO2OAwO2eTYPI=
go.opentelemetry.io/otel/sdk v1.46.0/go.mod h1:GAERFXFt5SYCEB+YiKUbMBeza6UaDH7GmGOZEfh2gSM=
go.opentelemetry.io/otel/sdk/log v0.22.0 h1:PRL+s6P63XT4E/bheEflopPUpVxuvANqZwtt89yhoGk=
go.opentelemetry.io/otel/sdk/log v0.22.0/go.mod h1:JNp0sBELrjCTcu5W3GzABVypeU6vDJjBS+X0JISuz+g=
go.opentelemetry.io/otel/sdk/log/logtest v0.22.0 h1:infPnfNrhCNgOUZRs3gWUg8vhoBUHihq02gwK05gzlg=
go.opentelemetry.io/otel/sdk/log/logtest v0.22.0/go.mod h1:gkQZA3z15Bv3KU9vigBTi8dFechSozRP7v94X4VZv+s=
go.opentelemetry.io/otel/sdk/metric v1.46.0 h1:0piZ26EG4RBfebb2jhDH6ERCYHoVWduc3kLgPCwSnSE=
go.opentelemetry.io/otel/sdk/metric v1.46.0/go.mod h1:I1PbKrdVc8Qu8HYVDNtqVIwLwjNrhsV/uFuxfwg8mO4=
go.opentelemetry.io/otel/trace v1.46.0 h1:OULy7ccdJnZtJ0UDYFOIGaCmiWzJ8Vi2G/Rsu60qs1c=
go.opentelemetry.io/otel/trace v1.46.0/go.mod h1:J7GAXweO77XSFkB/rmAqk9D6ihszhFjLU+d9WuUxDLI=
go.opentelemetry.io/proto/otlp v1.11.0 h1:5rrYs0Ykyj50sdU/JU0x8etU+LubXWb+gED6TbEdMIk=
go.opentelemetry.io/proto/otlp v1.11.0/go.mod h1:SmVizdCOAm3XBtG1g1NnOdhW6jtddT72hLMhv8VwA8E=
go.uber.org/goleak v1.3.0 h1:2K3zAYmnTNqV73imy9J1T3WC+gmCePx2hEGkimedGto=
go.uber.org/goleak v1.3.0/go.mod h1:CoHD4mav9JJNrW/WLlf7HGZPjdw8EucARQHekz1X6bE=
go.uber.org/multierr v1.11.0 h1:blXXJkSxSSfBVBlC76pxqeO+LN3aDfLQo+309xJstO0=
go.uber.org/multierr v1.11.0/go.mod h1:20+QtiLqy0Nd6FdQB9TLXag12DsQkrbs3htMFfDN80Y=
go.yaml.in/yaml/v2 v2.4.4 h1:tuyd0P+2Ont/d6e2rl3be67goVK4R6deVxCUX5vyPaQ=
go.yaml.in/yaml/v2 v2.4.4/go.mod h1:gMZqIpDtDqOfM0uNfy0SkpRhvUryYH0Z6wdMYcacYXQ=
go.yaml.in/yaml/v3 v3.0.5 h1:N6y/pJk8buWs9NY5ERU2HSMfm+IuD/OtfdAnq6kESPw=
go.yaml.in/yaml/v3 v3.0.5/go.mod h1:HVTZu1O7/Vkt2N+BFy8Zza+lnLsABggaTM2ZpNIGuKg=
golang.org/x/crypto v0.55.0 h1:+KWHjbgOaAQ66dh/YlkZKHlz9ZUlq61AFirAR9ntP8M=
golang.org/x/crypto v0.55.0/go.mod h1:uq0V9dE/fzQuJtbnL+2EhWOE63vo164FY8xqEnV9xis=
golang.org/x/mod v0.38.0 h1:MECBjubtXD7yj4HrhIUcywNaGeNVUdfVnxmPajOk4yk=
golang.org/x/mod v0.38.0/go.mod h1:V6Xz0pq8TQ3dGqVQ1FVHuelZpAL0uNhSkk9ogYP3c40=
golang.org/x/net v0.58.0 h1:ynWG7rqYi4ccpTEuPZ2QGWHktVEM9DMCj9yzDE0Q7To=
golang.org/x/net v0.58.0/go.mod h1:YwCddHnFlT7eLQqVprV19OnhLGtc5xOKgE0RyqgfWAU=
golang.org/x/oauth2 v0.36.0 h1:peZ/1z27fi9hUOFCAZaHyrpWG5lwe0RJEEEeH0ThlIs=
golang.org/x/oauth2 v0.36.0/go.mod h1:YDBUJMTkDnJS+A4BP4eZBjCqtokkg1hODuPjwiGPO7Q=
golang.org/x/sync v0.22.0 h1:SZjpbeLmrCk4xhRSZFNZW5gFUeCeFgjekvI/+gfScek=
golang.org/x/sync v0.22.0/go.mod h1:9xrNwdLfx4jkKbNva9FpL6vEN7evnE43NNNJQ2LF3+0=
golang.org/x/sys v0.1.0/go.mod h1:oPkhp1MJrh7nUepCBck5+mAzfO9JrbApNNgaTdGDITg=
golang.org/x/sys v0.6.0/go.mod h1:oPkhp1MJrh7nUepCBck5+mAzfO9JrbApNNgaTdGDITg=
golang.org/x/sys v0.47.0 h1:o7XGOvZQCADBQQ4Y7VNq2dRWQR7JmOUW8Kxx4ZsNgWs=
golang.org/x/sys v0.47.0/go.mod h1:4GL1E5IUh+htKOUEOaiffhrAeqysfVGipDYzABqnCmw=
golang.org/x/term v0.45.0 h1:NwWyBmoJCbfTHpxrWoZ9C6/VxOf7ic219I8xZZFdrf0=
golang.org/x/term v0.45.0/go.mod h1:9aqxs0blBcrm/n0L9QW0aRVD+ktan8ssZromtqJC43w=
golang.org/x/text v0.41.0 h1:vz/seA0lnX87Othu2f/0L24RcgrXD9/YFTSuGjj3rH8=
golang.org/x/text v0.41.0/go.mod h1:jvf1O8ajNzZqhSrQBPbutR/EB83Cc0CFrezNQIwbb5M=
golang.org/x/time v0.15.0 h1:bbrp8t3bGUeFOx08pvsMYRTCVSMk89u4tKbNOZbp88U=
golang.org/x/time v0.15.0/go.mod h1:Y4YMaQmXwGQZoFaVFk4YpCt4FLQMYKZe9oeV/f4MSno=
golang.org/x/tools v0.48.0 h1:3+hClM1aLL5mjMKm5ovokw9epgRXPuu2tILgismM6RE=
golang.org/x/tools v0.48.0/go.mod h1:08xX0orndb/F7jJxGDicx061tyd5pcMto75YMAXr6lk=
gonum.org/v1/gonum v0.17.0 h1:VbpOemQlsSMrYmn7T2OUvQ4dqxQXU+ouZFQsZOx50z4=
gonum.org/v1/gonum v0.17.0/go.mod h1:El3tOrEuMpv2UdMrbNlKEh9vd86bmQ6vqIcDwxEOc1E=
google.golang.org/api v0.292.0 h1:Ewiwo/GTtiaPZSNAZQUcWLh8AYDEoPmIXyJfeoTSMHU=
google.golang.org/api v0.292.0/go.mod h1:07kjmMnFGm2RQuCza2EZM/5N68G/fVvFb1xKjWqoFA0=
google.golang.org/genproto v0.0.0-20260406210006-6f92a3bedf2d h1:N1Ec54vZnIPd7MnxRiYLW+oY4fDR4BOS/LrssdD9+ek=
google.golang.org/genproto v0.0.0-20260406210006-6f92a3bedf2d/go.mod h1:c2hJ1grtnH0xUiEKGDGkjGNTJ1Hy2LrblyKOHF0sqRM=
google.golang.org/genproto/googleapis/api v0.0.0-20260819154853-08b0e4226688 h1:ax2KzoSRIZU/M0cIxri3pKxy99vniH1PVxWC6si/eZI=
google.golang.org/genproto/googleapis/api v0.0.0-20260819154853-08b0e4226688/go.mod h1:1RJ9BQGyNdZwkGc1eTqkErfRZ6RJyYPHZo73BZ1vQqI=
google.golang.org/genproto/googleapis/rpc v0.0.0-20260819154853-08b0e4226688 h1:cYNAzI2sUwhmCcoj9TxvihSrqsxt6uIkj3rDRhSDmW4=
google.golang.org/genproto/googleapis/rpc v0.0.0-20260819154853-08b0e4226688/go.mod h1:DjtHYE8FKJLivXcBEjGwndXfIC23G0VpXiXKqG179uA=
google.golang.org/grpc v1.83.1 h1:HIO0+BEtBP6soyqvqC8sNUjZ7bTs+0hFQuFF+RAy++Y=
google.golang.org/grpc v1.83.1/go.mod h1:kDyl6SKsiHKt0uylY5gtn5cEjkrIOhQOGDgIc4JGwzQ=
google.golang.org/protobuf v1.36.12 h1:pJOKDDOyeXErUroCihFAd5LQuwXBSpVnKGrj5o/fwxc=
google.golang.org/protobuf v1.36.12/go.mod h1:HTf+CrKn2C3g5S8VImy6tdcUvCska2kB7j23XfzDpco=
gopkg.in/check.v1 v0.0.0-20161208181325-20d25e280405/go.mod h1:Co6ibVJAznAaIkqp8huTwlJQCZ016jof/cbN4VW5Yz0=
gopkg.in/check.v1 v1.0.0-20201130134442-10cb98267c6c h1:Hei/4ADfdWqJk1ZMxUNpqntNwaWcugrBjAiHlqqRiVk=
gopkg.in/check.v1 v1.0.0-20201130134442-10cb98267c6c/go.mod h1:JHkPIbrfpd72SG/EVd6muEfDQjcINNoR0C8j2r3qZ4Q=
gopkg.in/yaml.v2 v2.4.0 h1:D8xgwECY7CYvx+Y2n4sBz93Jn9JRvxdiyyo8CTfuKaY=
gopkg.in/yaml.v2 v2.4.0/go.mod h1:RDklbk79AGWmwhnvt/jBztapEOGDOx6ZbXqjP6csGnQ=
gopkg.in/yaml.v3 v3.0.0-20200313102051-9f266ea9e77c/go.mod h1:K4uyk7z7BCEPqu6E+C64Yfv1cQ7kz7rIZviUmN+EgEM=
gopkg.in/yaml.v3 v3.0.1 h1:fxVm/GzAzEWqLHuvctI91KS9hhNmmWOoWu0XTYJS7CA=
gopkg.in/yaml.v3 v3.0.1/go.mod h1:K4uyk7z7BCEPqu6E+C64Yfv1cQ7kz7rIZviUmN+EgEM=
gotest.tools/gotestsum v1.13.0 h1:+Lh454O9mu9AMG1APV4o0y7oDYKyik/3kBOiCqiEpRo=
gotest.tools/gotestsum v1.13.0/go.mod h1:7f0NS5hFb0dWr4NtcsAsF0y1kzjEFfAil0HiBQJE03Q=
gotest.tools/v3 v3.5.2 h1:7koQfIKdy+I8UTetycgUqXWSDwpgv193Ka+qRsmBY8Q=
gotest.tools/v3 v3.5.2/go.mod h1:LtdLGcnqToBH83WByAAi/wiwSFCArdFIUV/xxN4pcjA=
mvdan.cc/gofumpt v0.9.2 h1:zsEMWL8SVKGHNztrx6uZrXdp7AX8r421Vvp23sz7ik4=
mvdan.cc/gofumpt v0.9.2/go.mod h1:iB7Hn+ai8lPvofHd9ZFGVg2GOr8sBUw1QUWjNbmIL/s=
